
Microsoft Visual Studio Solution File, Format Version 12.00
# Visual Studio Version 16
VisualStudioVersion = 16.0.31515.178
MinimumVisualStudioVersion = 10.0.40219.1
Project("{9A19103F-16F7-4668-BE54-9A1E7A4F7556}") = "InterpreterExample", "InterpreterExample\InterpreterExample.csproj", "{B0DD5E08-A9AC-480D-A745-149C71DE28B6}"
EndProject
Project("{9A19103F-16F7-4668-BE54-9A1E7A4F7556}") = "InterpreterTests", "InterpreterTests\InterpreterTests.csproj", "{0F629FB5-4246-4600-A9D4-B5023C55403C}"
EndProject
Project("{9A19103F-16F7-4668-BE54-9A1E7A4F7556}") = "PostfixInterpreter", "PostfixInterpreter\PostfixInterpreter.csproj", "{6CEE6FD8-2AD5-4A52-81D5-85086CE3EA23}"
EndProject
Project("{9A19103F-16F7-4668-BE54-9A1E7A4F7556}") = "PostfixInterpreterTests", "PostfixInterpreterTests\PostfixInterpreterTests.csproj", "{DCB17555-81C4-47D0-B5E3-561EE700031F}"
EndProject
Project("{FAE04EC0-301F-11D3-BF4B-00C04F79EFBC}") = "RomanInterpreter", "RomanInterpreter\RomanInterpreter.csproj", "{569C2187-FA87-4823-8515-001430F5F3C1}"
EndProject
Project("{FAE04EC0-301F-11D3-BF4B-00C04F79EFBC}") = "RomanInterpreterTests", "RomanInterpreterTests\RomanInterpreterTests.csproj", "{0C9D46BF-1A58-4662-A7EC-6D6F2BAE3EC5}"
EndProject
Global
	GlobalSection(SolutionConfigurationPlatforms) = preSolution
		Debug|Any CPU = Debug|Any CPU
		Release|Any CPU = Release|Any CPU
	EndGlobalSection
	GlobalSection(ProjectConfigurationPlatforms) = postSolution
		{B0DD5E08-A9AC-480D-A745-149C71DE28B6}.Debug|Any CPU.ActiveCfg = Debug|Any CPU
		{B0DD5E08-A9AC-480D-A745-149C71DE28B6}.Debug|Any CPU.Build.0 = Debug|Any CPU
		{B0DD5E08-A9AC-480D-A745-149C71DE28B6}.Release|Any CPU.ActiveCfg = Release|Any CPU
		{B0DD5E08-A9AC-480D-A745-149C71DE28B6}.Release|Any CPU.Build.0 = Release|Any CPU
		{0F629FB5-4246-4600-A9D4-B5023C55403C}.Debug|Any CPU.ActiveCfg = Debug|Any CPU
		{0F629FB5-4246-4600-A9D4-B5023C55403C}.Debug|Any CPU.Build.0 = Debug|Any CPU
		{0F629FB5-4246-4600-A9D4-B5023C55403C}.Release|Any CPU.ActiveCfg = Release|Any CPU
		{0F629FB5-4246-4600-A9D4-B5023C55403C}.Release|Any CPU.Build.0 = Release|Any CPU
		{6CEE6FD8-2AD5-4A52-81D5-85086CE3EA23}.Debug|Any CPU.ActiveCfg = Debug|Any CPU
		{6CEE6FD8-2AD5-4A52-81D5-85086CE3EA23}.Debug|Any CPU.Build.0 = Debug|Any CPU
		{6CEE6FD8-2AD5-4A52-81D5-85086CE3EA23}.Release|Any CPU.ActiveCfg = Release|Any CPU
		{6CEE6FD8-2AD5-4A52-81D5-85086CE3EA23}.Release|Any CPU.Build.0 = Release|Any CPU
		{DCB17555-81C4-47D0-B5E3-561EE700031F}.Debug|Any CPU.ActiveCfg = Debug|Any CPU
		{DCB17555-81C4-47D0-B5E3-561EE700031F}.Debug|Any CPU.Build.0 = Debug|Any CPU
		{DCB17555-81C4-47D0-B5E3-561EE700031F}.Release|Any CPU.ActiveCfg = Release|Any CPU
		{DCB17555-81C4-47D0-B5E3-561EE700031F}.Release|Any CPU.Build.0 = Release|Any CPU
		{569C2187-FA87-4823-8515-001430F5F3C1}.Debug|Any CPU.ActiveCfg = Debug|Any CPU
		{569C2187-FA87-4823-8515-001430F5F3C1}.Debug|Any CPU.Build.0 = Debug|Any CPU
		{569C2187-FA87-4823-8515-001430F5F3C1}.Release|Any CPU.ActiveCfg = Release|Any CPU
		{569C2187-FA87-4823-8515-001430F5F3C1}.Release|Any CPU.Build.0 = Release|Any CPU
		{0C9D46BF-1A58-4662-A7EC-6D6F2BAE3EC5}.Debug|Any CPU.ActiveCfg = Debug|Any CPU
		{0C9D46BF-1A58-4662-A7EC-6D6F2BAE3EC5}.Debug|Any CPU.Build.0 = Debug|Any CPU
		{0C9D46BF-1A58-4662-A7EC-6D6F2BAE3EC5}.Release|Any CPU.ActiveCfg = Release|Any CPU
		{0C9D46BF-1A58-4662-A7EC-6D6F2BAE3EC5}.Release|Any CPU.Build.0 = Release|Any CPU
	EndGlobalSection
	GlobalSection(SolutionProperties) = preSolution
		HideSolutionNode = FALSE
	EndGlobalSection
	GlobalSection(ExtensibilityGlobals) = postSolution
		SolutionGuid = {710C5CFF-BBFE-44DC-AEDB-6A8402B60C2D}
	EndGlobalSection
EndGlobal
